
Microsoft Visual Studio Solution File, Format Version 12.00
# Visual Studio 2013
VisualStudioVersion = 12.0.21005.1
MinimumVisualStudioVersion = 10.0.40219.1
Project("{159641D6-6404-4A2A-AE62-294DE0FE8301}") = "FakeNames Canada", "FakeNames Canada\FakeNames Canada.dtproj", "{F74C30DF-3F48-48D3-BD73-18E2D30C1280}"
EndProject
Global
	GlobalSection(SolutionConfigurationPlatforms) = preSolution
		Development|Default = Development|Default
	EndGlobalSection
	GlobalSection(ProjectConfigurationPlatforms) = postSolution
		{F74C30DF-3F48-48D3-BD73-18E2D30C1280}.Development|Default.ActiveCfg = Development
		{F74C30DF-3F48-48D3-BD73-18E2D30C1280}.Development|Default.Build.0 = Development
	EndGlobalSection
	GlobalSection(SolutionProperties) = preSolution
		HideSolutionNode = FALSE
	EndGlobalSection
EndGlobal
